# This file is autogenerated, do not edit; changes may be undone by the next 'dep ensure'.


[[projects]]
  branch = "master"
  digest = "1:bd7f8ae33cc97cd80b7631f2d697420997e834526be848251ae0ccaffbf8b862"
  name = "github.com/jsgoecke/nest"
  packages = ["."]
  pruneopts = "UT"
  revision = "3ea2347769e544547e8d9b11a96ee06911f86897"

[solve-meta]
  analyzer-name = "dep"
  analyzer-version = 1
  input-imports = ["github.com/jsgoecke/nest"]
  solver-name = "gps-cdcl"
  solver-version = 1
